// !$*UTF8*$!
{
	archiveVersion = 1;
	classes = {
	};
	objectVersion = 56;
	objects = {

/* Begin PBXBuildFile section */
		104969CD2983D8D70068E148 /* AddTodoPresenter.swift in Sources */ = {isa = PBXBuildFile; fileRef = 104969CC2983D8D70068E148 /* AddTodoPresenter.swift */; };
		104969CF2983D8EB0068E148 /* AddTodoInteractor.swift in Sources */ = {isa = PBXBuildFile; fileRef = 104969CE2983D8EB0068E148 /* AddTodoInteractor.swift */; };
		104969D12983D9000068E148 /* AddTodoRouter.swift in Sources */ = {isa = PBXBuildFile; fileRef = 104969D02983D9000068E148 /* AddTodoRouter.swift */; };
		104969D32983D90C0068E148 /* AddTodoProtocols.swift in Sources */ = {isa = PBXBuildFile; fileRef = 104969D22983D90C0068E148 /* AddTodoProtocols.swift */; };
		104969D829840F410068E148 /* HomepagePresenter.swift in Sources */ = {isa = PBXBuildFile; fileRef = 104969D729840F410068E148 /* HomepagePresenter.swift */; };
		104969DB29840F650068E148 /* HomepageInteractor.swift in Sources */ = {isa = PBXBuildFile; fileRef = 104969DA29840F650068E148 /* HomepageInteractor.swift */; };
		104969DE29840F7A0068E148 /* HomepageRouter.swift in Sources */ = {isa = PBXBuildFile; fileRef = 104969DD29840F7A0068E148 /* HomepageRouter.swift */; };
		104969E129840F8C0068E148 /* HomepageProtocols.swift in Sources */ = {isa = PBXBuildFile; fileRef = 104969E029840F8C0068E148 /* HomepageProtocols.swift */; };
		10B74BCB2981473400DE453F /* AppDelegate.swift in Sources */ = {isa = PBXBuildFile; fileRef = 10B74BCA2981473400DE453F /* AppDelegate.swift */; };
		10B74BCD2981473400DE453F /* SceneDelegate.swift in Sources */ = {isa = PBXBuildFile; fileRef = 10B74BCC2981473400DE453F /* SceneDelegate.swift */; };
		10B74BCF2981473400DE453F /* ViewController.swift in Sources */ = {isa = PBXBuildFile; fileRef = 10B74BCE2981473400DE453F /* ViewController.swift */; };
		10B74BD22981473400DE453F /* Main.storyboard in Resources */ = {isa = PBXBuildFile; fileRef = 10B74BD02981473400DE453F /* Main.storyboard */; };
		10B74BD42981473500DE453F /* Assets.xcassets in Resources */ = {isa = PBXBuildFile; fileRef = 10B74BD32981473500DE453F /* Assets.xcassets */; };
		10B74BD72981473500DE453F /* LaunchScreen.storyboard in Resources */ = {isa = PBXBuildFile; fileRef = 10B74BD52981473500DE453F /* LaunchScreen.storyboard */; };
		10B74BDF2981489300DE453F /* TableViewCell.swift in Sources */ = {isa = PBXBuildFile; fileRef = 10B74BDE2981489300DE453F /* TableViewCell.swift */; };
		10B74BE129814B7B00DE453F /* Todo.swift in Sources */ = {isa = PBXBuildFile; fileRef = 10B74BE029814B7B00DE453F /* Todo.swift */; };
		10B74BE329814CD900DE453F /* AddTodoViewController.swift in Sources */ = {isa = PBXBuildFile; fileRef = 10B74BE229814CD900DE453F /* AddTodoViewController.swift */; };
/* End PBXBuildFile section */

/* Begin PBXFileReference section */
		104969CC2983D8D70068E148 /* AddTodoPresenter.swift */ = {isa = PBXFileReference; lastKnownFileType = sourcecode.swift; path = AddTodoPresenter.swift; sourceTree = "<group>"; };
		104969CE2983D8EB0068E148 /* AddTodoInteractor.swift */ = {isa = PBXFileReference; lastKnownFileType = sourcecode.swift; path = AddTodoInteractor.swift; sourceTree = "<group>"; };
		104969D02983D9000068E148 /* AddTodoRouter.swift */ = {isa = PBXFileReference; lastKnownFileType = sourcecode.swift; path = AddTodoRouter.swift; sourceTree = "<group>"; };
		104969D22983D90C0068E148 /* AddTodoProtocols.swift */ = {isa = PBXFileReference; lastKnownFileType = sourcecode.swift; path = AddTodoProtocols.swift; sourceTree = "<group>"; };
		104969D729840F410068E148 /* HomepagePresenter.swift */ = {isa = PBXFileReference; lastKnownFileType = sourcecode.swift; path = HomepagePresenter.swift; sourceTree = "<group>"; };
		104969DA29840F650068E148 /* HomepageInteractor.swift */ = {isa = PBXFileReference; lastKnownFileType = sourcecode.swift; path = HomepageInteractor.swift; sourceTree = "<group>"; };
		104969DD29840F7A0068E148 /* HomepageRouter.swift */ = {isa = PBXFileReference; lastKnownFileType = sourcecode.swift; path = HomepageRouter.swift; sourceTree = "<group>"; };
		104969E029840F8C0068E148 /* HomepageProtocols.swift */ = {isa = PBXFileReference; lastKnownFileType = sourcecode.swift; path = HomepageProtocols.swift; sourceTree = "<group>"; };
		10B74BC72981473400DE453F /* TodoAppWithProtocol.app */ = {isa = PBXFileReference; explicitFileType = wrapper.application; includeInIndex = 0; path = TodoAppWithProtocol.app; sourceTree = BUILT_PRODUCTS_DIR; };
		10B74BCA2981473400DE453F /* AppDelegate.swift */ = {isa = PBXFileReference; lastKnownFileType = sourcecode.swift; path = AppDelegate.swift; sourceTree = "<group>"; };
		10B74BCC2981473400DE453F /* SceneDelegate.swift */ = {isa = PBXFileReference; lastKnownFileType = sourcecode.swift; path = SceneDelegate.swift; sourceTree = "<group>"; };
		10B74BCE2981473400DE453F /* ViewController.swift */ = {isa = PBXFileReference; lastKnownFileType = sourcecode.swift; path = ViewController.swift; sourceTree = "<group>"; };
		10B74BD12981473400DE453F /* Base */ = {isa = PBXFileReference; lastKnownFileType = file.storyboard; name = Base; path = Base.lproj/Main.storyboard; sourceTree = "<group>"; };
		10B74BD32981473500DE453F /* Assets.xcassets */ = {isa = PBXFileReference; lastKnownFileType = folder.assetcatalog; path = Assets.xcassets; sourceTree = "<group>"; };
		10B74BD62981473500DE453F /* Base */ = {isa = PBXFileReference; lastKnownFileType = file.storyboard; name = Base; path = Base.lproj/LaunchScreen.storyboard; sourceTree = "<group>"; };
		10B74BD82981473500DE453F /* Info.plist */ = {isa = PBXFileReference; lastKnownFileType = text.plist.xml; path = Info.plist; sourceTree = "<group>"; };
		10B74BDE2981489300DE453F /* TableViewCell.swift */ = {isa = PBXFileReference; lastKnownFileType = sourcecode.swift; path = TableViewCell.swift; sourceTree = "<group>"; };
		10B74BE029814B7B00DE453F /* Todo.swift */ = {isa = PBXFileReference; lastKnownFileType = sourcecode.swift; path = Todo.swift; sourceTree = "<group>"; };
		10B74BE229814CD900DE453F /* AddTodoViewController.swift */ = {isa = PBXFileReference; lastKnownFileType = sourcecode.swift; path = AddTodoViewController.swift; sourceTree = "<group>"; };
/* End PBXFileReference section */

/* Begin PBXFrameworksBuildPhase section */
		10B74BC42981473400DE453F /* Frameworks */ = {
			isa = PBXFrameworksBuildPhase;
			buildActionMask = 2147483647;
			files = (
			);
			runOnlyForDeploymentPostprocessing = 0;
		};
/* End PBXFrameworksBuildPhase section */

/* Begin PBXGroup section */
		104969C62983D89F0068E148 /* addtodo-module */ = {
			isa = PBXGroup;
			children = (
				104969CB2983D8C40068E148 /* protocols */,
				104969CA2983D8BD0068E148 /* router */,
				104969C92983D8B70068E148 /* interactor */,
				104969C82983D8B00068E148 /* presenter */,
				104969C72983D8A80068E148 /* view */,
			);
			path = "addtodo-module";
			sourceTree = "<group>";
		};
		104969C72983D8A80068E148 /* view */ = {
			isa = PBXGroup;
			children = (
				10B74BE229814CD900DE453F /* AddTodoViewController.swift */,
			);
			path = view;
			sourceTree = "<group>";
		};
		104969C82983D8B00068E148 /* presenter */ = {
			isa = PBXGroup;
			children = (
				104969CC2983D8D70068E148 /* AddTodoPresenter.swift */,
			);
			path = presenter;
			sourceTree = "<group>";
		};
		104969C92983D8B70068E148 /* interactor */ = {
			isa = PBXGroup;
			children = (
				104969CE2983D8EB0068E148 /* AddTodoInteractor.swift */,
			);
			path = interactor;
			sourceTree = "<group>";
		};
		104969CA2983D8BD0068E148 /* router */ = {
			isa = PBXGroup;
			children = (
				104969D02983D9000068E148 /* AddTodoRouter.swift */,
			);
			path = router;
			sourceTree = "<group>";
		};
		104969CB2983D8C40068E148 /* protocols */ = {
			isa = PBXGroup;
			children = (
				104969D22983D90C0068E148 /* AddTodoProtocols.swift */,
			);
			path = protocols;
			sourceTree = "<group>";
		};
		104969D429840F180068E148 /* homepage-module */ = {
			isa = PBXGroup;
			children = (
				104969DF29840F800068E148 /* protocols */,
				104969E229840FA20068E148 /* tableview */,
				104969DC29840F6A0068E148 /* router */,
				104969D929840F590068E148 /* interactor */,
				104969D629840F350068E148 /* presenter */,
				104969D529840F2F0068E148 /* view */,
			);
			path = "homepage-module";
			sourceTree = "<group>";
		};
		104969D529840F2F0068E148 /* view */ = {
			isa = PBXGroup;
			children = (
				10B74BCE2981473400DE453F /* ViewController.swift */,
			);
			path = view;
			sourceTree = "<group>";
		};
		104969D629840F350068E148 /* presenter */ = {
			isa = PBXGroup;
			children = (
				104969D729840F410068E148 /* HomepagePresenter.swift */,
			);
			path = presenter;
			sourceTree = "<group>";
		};
		104969D929840F590068E148 /* interactor */ = {
			isa = PBXGroup;
			children = (
				104969DA29840F650068E148 /* HomepageInteractor.swift */,
			);
			path = interactor;
			sourceTree = "<group>";
		};
		104969DC29840F6A0068E148 /* router */ = {
			isa = PBXGroup;
			children = (
				104969DD29840F7A0068E148 /* HomepageRouter.swift */,
			);
			path = router;
			sourceTree = "<group>";
		};
		104969DF29840F800068E148 /* protocols */ = {
			isa = PBXGroup;
			children = (
				104969E029840F8C0068E148 /* HomepageProtocols.swift */,
			);
			path = protocols;
			sourceTree = "<group>";
		};
		104969E229840FA20068E148 /* tableview */ = {
			isa = PBXGroup;
			children = (
				10B74BDE2981489300DE453F /* TableViewCell.swift */,
			);
			path = tableview;
			sourceTree = "<group>";
		};
		104969E329840FB30068E148 /* entity */ = {
			isa = PBXGroup;
			children = (
				10B74BE029814B7B00DE453F /* Todo.swift */,
			);
			path = entity;
			sourceTree = "<group>";
		};
		10B74BBE2981473400DE453F = {
			isa = PBXGroup;
			children = (
				10B74BC92981473400DE453F /* TodoAppWithProtocol */,
				10B74BC82981473400DE453F /* Products */,
			);
			sourceTree = "<group>";
		};
		10B74BC82981473400DE453F /* Products */ = {
			isa = PBXGroup;
			children = (
				10B74BC72981473400DE453F /* TodoAppWithProtocol.app */,
			);
			name = Products;
			sourceTree = "<group>";
		};
		10B74BC92981473400DE453F /* TodoAppWithProtocol */ = {
			isa = PBXGroup;
			children = (
				104969E329840FB30068E148 /* entity */,
				104969C62983D89F0068E148 /* addtodo-module */,
				10B74BCA2981473400DE453F /* AppDelegate.swift */,
				10B74BCC2981473400DE453F /* SceneDelegate.swift */,
				104969D429840F180068E148 /* homepage-module */,
				10B74BD02981473400DE453F /* Main.storyboard */,
				10B74BD32981473500DE453F /* Assets.xcassets */,
				10B74BD52981473500DE453F /* LaunchScreen.storyboard */,
				10B74BD82981473500DE453F /* Info.plist */,
			);
			path = TodoAppWithProtocol;
			sourceTree = "<group>";
		};
/* End PBXGroup section */

/* Begin PBXNativeTarget section */
		10B74BC62981473400DE453F /* TodoAppWithProtocol */ = {
			isa = PBXNativeTarget;
			buildConfigurationList = 10B74BDB2981473500DE453F /* Build configuration list for PBXNativeTarget "TodoAppWithProtocol" */;
			buildPhases = (
				10B74BC32981473400DE453F /* Sources */,
				10B74BC42981473400DE453F /* Frameworks */,
				10B74BC52981473400DE453F /* Resources */,
			);
			buildRules = (
			);
			dependencies = (
			);
			name = TodoAppWithProtocol;
			productName = TodoAppWithProtocol;
			productReference = 10B74BC72981473400DE453F /* TodoAppWithProtocol.app */;
			productType = "com.apple.product-type.application";
		};
/* End PBXNativeTarget section */

/* Begin PBXProject section */
		10B74BBF2981473400DE453F /* Project object */ = {
			isa = PBXProject;
			attributes = {
				BuildIndependentTargetsInParallel = 1;
				LastSwiftUpdateCheck = 1420;
				LastUpgradeCheck = 1420;
				TargetAttributes = {
					10B74BC62981473400DE453F = {
						CreatedOnToolsVersion = 14.2;
					};
				};
			};
			buildConfigurationList = 10B74BC22981473400DE453F /* Build configuration list for PBXProject "TodoAppWithProtocol" */;
			compatibilityVersion = "Xcode 14.0";
			developmentRegion = en;
			hasScannedForEncodings = 0;
			knownRegions = (
				en,
				Base,
			);
			mainGroup = 10B74BBE2981473400DE453F;
			productRefGroup = 10B74BC82981473400DE453F /* Products */;
			projectDirPath = "";
			projectRoot = "";
			targets = (
				10B74BC62981473400DE453F /* TodoAppWithProtocol */,
			);
		};
/* End PBXProject section */

/* Begin PBXResourcesBuildPhase section */
		10B74BC52981473400DE453F /* Resources */ = {
			isa = PBXResourcesBuildPhase;
			buildActionMask = 2147483647;
			files = (
				10B74BD72981473500DE453F /* LaunchScreen.storyboard in Resources */,
				10B74BD42981473500DE453F /* Assets.xcassets in Resources */,
				10B74BD22981473400DE453F /* Main.storyboard in Resources */,
			);
			runOnlyForDeploymentPostprocessing = 0;
		};
/* End PBXResourcesBuildPhase section */

/* Begin PBXSourcesBuildPhase section */
		10B74BC32981473400DE453F /* Sources */ = {
			isa = PBXSourcesBuildPhase;
			buildActionMask = 2147483647;
			files = (
				104969CD2983D8D70068E148 /* AddTodoPresenter.swift in Sources */,
				104969D829840F410068E148 /* HomepagePresenter.swift in Sources */,
				10B74BCF2981473400DE453F /* ViewController.swift in Sources */,
				104969CF2983D8EB0068E148 /* AddTodoInteractor.swift in Sources */,
				10B74BDF2981489300DE453F /* TableViewCell.swift in Sources */,
				10B74BCB2981473400DE453F /* AppDelegate.swift in Sources */,
				10B74BCD2981473400DE453F /* SceneDelegate.swift in Sources */,
				10B74BE329814CD900DE453F /* AddTodoViewController.swift in Sources */,
				104969DB29840F650068E148 /* HomepageInteractor.swift in Sources */,
				104969DE29840F7A0068E148 /* HomepageRouter.swift in Sources */,
				104969D32983D90C0068E148 /* AddTodoProtocols.swift in Sources */,
				104969D12983D9000068E148 /* AddTodoRouter.swift in Sources */,
				10B74BE129814B7B00DE453F /* Todo.swift in Sources */,
				104969E129840F8C0068E148 /* HomepageProtocols.swift in Sources */,
			);
			runOnlyForDeploymentPostprocessing = 0;
		};
/* End PBXSourcesBuildPhase section */

/* Begin PBXVariantGroup section */
		10B74BD02981473400DE453F /* Main.storyboard */ = {
			isa = PBXVariantGroup;
			children = (
				10B74BD12981473400DE453F /* Base */,
			);
			name = Main.storyboard;
			sourceTree = "<group>";
		};
		10B74BD52981473500DE453F /* LaunchScreen.storyboard */ = {
			isa = PBXVariantGroup;
			children = (
				10B74BD62981473500DE453F /* Base */,
			);
			name = LaunchScreen.storyboard;
			sourceTree = "<group>";
		};
/* End PBXVariantGroup section */

/* Begin XCBuildConfiguration section */
		10B74BD92981473500DE453F /* Debug */ = {
			isa = XCBuildConfiguration;
			buildSettings = {
				ALWAYS_SEARCH_USER_PATHS = NO;
				CLANG_ANALYZER_NONNULL = YES;
				CLANG_ANALYZER_NUMBER_OBJECT_CONVERSION = YES_AGGRESSIVE;
				CLANG_CXX_LANGUAGE_STANDARD = "gnu++20";
				CLANG_ENABLE_MODULES = YES;
				CLANG_ENABLE_OBJC_ARC = YES;
				CLANG_ENABLE_OBJC_WEAK = YES;
				CLANG_WARN_BLOCK_CAPTURE_AUTORELEASING = YES;
				CLANG_WARN_BOOL_CONVERSION = YES;
				CLANG_WARN_COMMA = YES;
				CLANG_WARN_CONSTANT_CONVERSION = YES;
				CLANG_WARN_DEPRECATED_OBJC_IMPLEMENTATIONS = YES;
				CLANG_WARN_DIRECT_OBJC_ISA_USAGE = YES_ERROR;
				CLANG_WARN_DOCUMENTATION_COMMENTS = YES;
				CLANG_WARN_EMPTY_BODY = YES;
				CLANG_WARN_ENUM_CONVERSION = YES;
				CLANG_WARN_INFINITE_RECURSION = YES;
				CLANG_WARN_INT_CONVERSION = YES;
				CLANG_WARN_NON_LITERAL_NULL_CONVERSION = YES;
				CLANG_WARN_OBJC_IMPLICIT_RETAIN_SELF = YES;
				CLANG_WARN_OBJC_LITERAL_CONVERSION = YES;
				CLANG_WARN_OBJC_ROOT_CLASS = YES_ERROR;
				CLANG_WARN_QUOTED_INCLUDE_IN_FRAMEWORK_HEADER = YES;
				CLANG_WARN_RANGE_LOOP_ANALYSIS = YES;
				CLANG_WARN_STRICT_PROTOTYPES = YES;
				CLANG_WARN_SUSPICIOUS_MOVE = YES;
				CLANG_WARN_UNGUARDED_AVAILABILITY = YES_AGGRESSIVE;
				CLANG_WARN_UNREACHABLE_CODE = YES;
				CLANG_WARN__DUPLICATE_METHOD_MATCH = YES;
				COPY_PHASE_STRIP = NO;
				DEBUG_INFORMATION_FORMAT = dwarf;
				ENABLE_STRICT_OBJC_MSGSEND = YES;
				ENABLE_TESTABILITY = YES;
				GCC_C_LANGUAGE_STANDARD = gnu11;
				GCC_DYNAMIC_NO_PIC = NO;
				GCC_NO_COMMON_BLOCKS = YES;
				GCC_OPTIMIZATION_LEVEL = 0;
				GCC_PREPROCESSOR_DEFINITIONS = (
					"DEBUG=1",
					"$(inherited)",
				);
				GCC_WARN_64_TO_32_BIT_CONVERSION = YES;
				GCC_WARN_ABOUT_RETURN_TYPE = YES_ERROR;
				GCC_WARN_UNDECLARED_SELECTOR = YES;
				GCC_WARN_UNINITIALIZED_AUTOS = YES_AGGRESSIVE;
				GCC_WARN_UNUSED_FUNCTION = YES;
				GCC_WARN_UNUSED_VARIABLE = YES;
				IPHONEOS_DEPLOYMENT_TARGET = 16.2;
				MTL_ENABLE_DEBUG_INFO = INCLUDE_SOURCE;
				MTL_FAST_MATH = YES;
				ONLY_ACTIVE_ARCH = YES;
				SDKROOT = iphoneos;
				SWIFT_ACTIVE_COMPILATION_CONDITIONS = DEBUG;
				SWIFT_OPTIMIZATION_LEVEL = "-Onone";
			};
			name = Debug;
		};
		10B74BDA2981473500DE453F /* Release */ = {
			isa = XCBuildConfiguration;
			buildSettings = {
				ALWAYS_SEARCH_USER_PATHS = NO;
				CLANG_ANALYZER_NONNULL = YES;
				CLANG_ANALYZER_NUMBER_OBJECT_CONVERSION = YES_AGGRESSIVE;
				CLANG_CXX_LANGUAGE_STANDARD = "gnu++20";
				CLANG_ENABLE_MODULES = YES;
				CLANG_ENABLE_OBJC_ARC = YES;
				CLANG_ENABLE_OBJC_WEAK = YES;
				CLANG_WARN_BLOCK_CAPTURE_AUTORELEASING = YES;
				CLANG_WARN_BOOL_CONVERSION = YES;
				CLANG_WARN_COMMA = YES;
				CLANG_WARN_CONSTANT_CONVERSION = YES;
				CLANG_WARN_DEPRECATED_OBJC_IMPLEMENTATIONS = YES;
				CLANG_WARN_DIRECT_OBJC_ISA_USAGE = YES_ERROR;
				CLANG_WARN_DOCUMENTATION_COMMENTS = YES;
				CLANG_WARN_EMPTY_BODY = YES;
				CLANG_WARN_ENUM_CONVERSION = YES;
				CLANG_WARN_INFINITE_RECURSION = YES;
				CLANG_WARN_INT_CONVERSION = YES;
				CLANG_WARN_NON_LITERAL_NULL_CONVERSION = YES;
				CLANG_WARN_OBJC_IMPLICIT_RETAIN_SELF = YES;
				CLANG_WARN_OBJC_LITERAL_CONVERSION = YES;
				CLANG_WARN_OBJC_ROOT_CLASS = YES_ERROR;
				CLANG_WARN_QUOTED_INCLUDE_IN_FRAMEWORK_HEADER = YES;
				CLANG_WARN_RANGE_LOOP_ANALYSIS = YES;
				CLANG_WARN_STRICT_PROTOTYPES = YES;
				CLANG_WARN_SUSPICIOUS_MOVE = YES;
				CLANG_WARN_UNGUARDED_AVAILABILITY = YES_AGGRESSIVE;
				CLANG_WARN_UNREACHABLE_CODE = YES;
				CLANG_WARN__DUPLICATE_METHOD_MATCH = YES;
				COPY_PHASE_STRIP = NO;
				DEBUG_INFORMATION_FORMAT = "dwarf-with-dsym";
				ENABLE_NS_ASSERTIONS = NO;
				ENABLE_STRICT_OBJC_MSGSEND = YES;
				GCC_C_LANGUAGE_STANDARD = gnu11;
				GCC_NO_COMMON_BLOCKS = YES;
				GCC_WARN_64_TO_32_BIT_CONVERSION = YES;
				GCC_WARN_ABOUT_RETURN_TYPE = YES_ERROR;
				GCC_WARN_UNDECLARED_SELECTOR = YES;
				GCC_WARN_UNINITIALIZED_AUTOS = YES_AGGRESSIVE;
				GCC_WARN_UNUSED_FUNCTION = YES;
				GCC_WARN_UNUSED_VARIABLE = YES;
				IPHONEOS_DEPLOYMENT_TARGET = 16.2;
				MTL_ENABLE_DEBUG_INFO = NO;
				MTL_FAST_MATH = YES;
				SDKROOT = iphoneos;
				SWIFT_COMPILATION_MODE = wholemodule;
				SWIFT_OPTIMIZATION_LEVEL = "-O";
				VALIDATE_PRODUCT = YES;
			};
			name = Release;
		};
		10B74BDC2981473500DE453F /* Debug */ = {
			isa = XCBuildConfiguration;
			buildSettings = {
				ASSETCATALOG_COMPILER_APPICON_NAME = AppIcon;
				ASSETCATALOG_COMPILER_GLOBAL_ACCENT_COLOR_NAME = AccentColor;
				CODE_SIGN_STYLE = Automatic;
				CURRENT_PROJECT_VERSION = 1;
				DEVELOPMENT_TEAM = F475N5N7V6;
				GENERATE_INFOPLIST_FILE = YES;
				INFOPLIST_FILE = TodoAppWithProtocol/Info.plist;
				INFOPLIST_KEY_UIApplicationSupportsIndirectInputEvents = YES;
				INFOPLIST_KEY_UILaunchStoryboardName = LaunchScreen;
				INFOPLIST_KEY_UIMainStoryboardFile = Main;
				INFOPLIST_KEY_UISupportedInterfaceOrientations_iPad = "UIInterfaceOrientationPortrait UIInterfaceOrientationPortraitUpsideDown UIInterfaceOrientationLandscapeLeft UIInterfaceOrientationLandscapeRight";
				INFOPLIST_KEY_UISupportedInterfaceOrientations_iPhone = "UIInterfaceOrientationPortrait UIInterfaceOrientationLandscapeLeft UIInterfaceOrientationLandscapeRight";
				LD_RUNPATH_SEARCH_PATHS = (
					"$(inherited)",
					"@executable_path/Frameworks",
				);
				MARKETING_VERSION = 1.0;
				PRODUCT_BUNDLE_IDENTIFIER = com.yagizdokumaci.TodoAppWithProtocol;
				PRODUCT_NAME = "$(TARGET_NAME)";
				SWIFT_EMIT_LOC_STRINGS = YES;
				SWIFT_VERSION = 5.0;
				TARGETED_DEVICE_FAMILY = "1,2";
			};
			name = Debug;
		};
		10B74BDD2981473500DE453F /* Release */ = {
			isa = XCBuildConfiguration;
			buildSettings = {
				ASSETCATALOG_COMPILER_APPICON_NAME = AppIcon;
				ASSETCATALOG_COMPILER_GLOBAL_ACCENT_COLOR_NAME = AccentColor;
				CODE_SIGN_STYLE = Automatic;
				CURRENT_PROJECT_VERSION = 1;
				DEVELOPMENT_TEAM = F475N5N7V6;
				GENERATE_INFOPLIST_FILE = YES;
				INFOPLIST_FILE = TodoAppWithProtocol/Info.plist;
				INFOPLIST_KEY_UIApplicationSupportsIndirectInputEvents = YES;
				INFOPLIST_KEY_UILaunchStoryboardName = LaunchScreen;
				INFOPLIST_KEY_UIMainStoryboardFile = Main;
				INFOPLIST_KEY_UISupportedInterfaceOrientations_iPad = "UIInterfaceOrientationPortrait UIInterfaceOrientationPortraitUpsideDown UIInterfaceOrientationLandscapeLeft UIInterfaceOrientationLandscapeRight";
				INFOPLIST_KEY_UISupportedInterfaceOrientations_iPhone = "UIInterfaceOrientationPortrait UIInterfaceOrientationLandscapeLeft UIInterfaceOrientationLandscapeRight";
				LD_RUNPATH_SEARCH_PATHS = (
					"$(inherited)",
					"@executable_path/Frameworks",
				);
				MARKETING_VERSION = 1.0;
				PRODUCT_BUNDLE_IDENTIFIER = com.yagizdokumaci.TodoAppWithProtocol;
				PRODUCT_NAME = "$(TARGET_NAME)";
				SWIFT_EMIT_LOC_STRINGS = YES;
				SWIFT_VERSION = 5.0;
				TARGETED_DEVICE_FAMILY = "1,2";
			};
			name = Release;
		};
/* End XCBuildConfiguration section */

/* Begin XCConfigurationList section */
		10B74BC22981473400DE453F /* Build configuration list for PBXProject "TodoAppWithProtocol" */ = {
			isa = XCConfigurationList;
			buildConfigurations = (
				10B74BD92981473500DE453F /* Debug */,
				10B74BDA2981473500DE453F /* Release */,
			);
			defaultConfigurationIsVisible = 0;
			defaultConfigurationName = Release;
		};
		10B74BDB2981473500DE453F /* Build configuration list for PBXNativeTarget "TodoAppWithProtocol" */ = {
			isa = XCConfigurationList;
			buildConfigurations = (
				10B74BDC2981473500DE453F /* Debug */,
				10B74BDD2981473500DE453F /* Release */,
			);
			defaultConfigurationIsVisible = 0;
			defaultConfigurationName = Release;
		};
/* End XCConfigurationList section */
	};
	rootObject = 10B74BBF2981473400DE453F /* Project object */;
}
